
Microsoft Visual Studio Solution File, Format Version 12.00
# Visual Studio Version 17
VisualStudioVersion = 17.4.33205.214
MinimumVisualStudioVersion = 10.0.40219.1
Project("{FAE04EC0-301F-11D3-BF4B-00C04F79EFBC}") = "MedicineControls", "MedicineControls\MedicineControls.csproj", "{955FE035-21A5-4C92-96D2-6A69E151A42A}"
EndProject
Global
	GlobalSection(SolutionConfigurationPlatforms) = preSolution
		Debug|Any CPU = Debug|Any CPU
		Release|Any CPU = Release|Any CPU
	EndGlobalSection
	GlobalSection(ProjectConfigurationPlatforms) = postSolution
		{955FE035-21A5-4C92-96D2-6A69E151A42A}.Debug|Any CPU.ActiveCfg = Debug|Any CPU
		{955FE035-21A5-4C92-96D2-6A69E151A42A}.Debug|Any CPU.Build.0 = Debug|Any CPU
		{955FE035-21A5-4C92-96D2-6A69E151A42A}.Release|Any CPU.ActiveCfg = Release|Any CPU
		{955FE035-21A5-4C92-96D2-6A69E151A42A}.Release|Any CPU.Build.0 = Release|Any CPU
	EndGlobalSection
	GlobalSection(SolutionProperties) = preSolution
		HideSolutionNode = FALSE
	EndGlobalSection
	GlobalSection(ExtensibilityGlobals) = postSolution
		SolutionGuid = {CF320B03-4326-41F7-B49D-960D3E9C413D}
	EndGlobalSection
EndGlobal
